{
  "name": "layer8-smoke-test",
  "version": "1.0.0",
  "lockfileVersion": 3,
  "requires": true,
  "packages": {
    "": {
      "name": "layer8-smoke-test",
      "version": "1.0.0",
      "license": "ISC",
      "dependencies": {
        "l8-intercept": "^0.4.2"
      }
    },
    "node_modules/l8-intercept": {
      "version": "0.4.2",
      "resolved": "https://registry.npmjs.org/l8-intercept/-/l8-intercept-0.4.2.tgz",
      "integrity": "sha512-hW7szaYwvefRUvpSptqoHGGbp5L9sABfSn4jgJOEbZOkF3hDEQ64ZtbWsx3ipg93Wto3SvFZk+MHFMJHCEdjdw=="
    }
  }
}
